
Microsoft Visual Studio Solution File, Format Version 12.00
# Visual Studio 15
VisualStudioVersion = 15.0.27428.2011
MinimumVisualStudioVersion = 10.0.40219.1
Project("{9A19103F-16F7-4668-BE54-9A1E7A4F7556}") = "ReportApp.API", "ReportApp\ReportApp.API.csproj", "{96CF3151-72CC-4E22-8787-2BC0924D7B63}"
EndProject
Project("{9A19103F-16F7-4668-BE54-9A1E7A4F7556}") = "ReportApp.Services", "ReportApp.Services\ReportApp.Services.csproj", "{B0A6BE56-74B0-4416-83BB-02813CF2B415}"
EndProject
Project("{9092AA53-FB77-4645-B42D-1CCCA6BD08BD}") = "ReportApp.Client", "ReportApp.Client\ReportApp.Client.njsproj", "{D2B8705E-F6C6-4A03-9B94-B794E547413C}"
EndProject
Project("{9A19103F-16F7-4668-BE54-9A1E7A4F7556}") = "ReportApp.DAL", "ReportApp.DAL\ReportApp.DAL.csproj", "{B1235006-68AD-480F-8CB9-C8AFFDDC25F1}"
EndProject
Global
	GlobalSection(SolutionConfigurationPlatforms) = preSolution
		Debug|Any CPU = Debug|Any CPU
		Release|Any CPU = Release|Any CPU
	EndGlobalSection
	GlobalSection(ProjectConfigurationPlatforms) = postSolution
		{96CF3151-72CC-4E22-8787-2BC0924D7B63}.Debug|Any CPU.ActiveCfg = Debug|Any CPU
		{96CF3151-72CC-4E22-8787-2BC0924D7B63}.Debug|Any CPU.Build.0 = Debug|Any CPU
		{96CF3151-72CC-4E22-8787-2BC0924D7B63}.Release|Any CPU.ActiveCfg = Release|Any CPU
		{96CF3151-72CC-4E22-8787-2BC0924D7B63}.Release|Any CPU.Build.0 = Release|Any CPU
		{B0A6BE56-74B0-4416-83BB-02813CF2B415}.Debug|Any CPU.ActiveCfg = Debug|Any CPU
		{B0A6BE56-74B0-4416-83BB-02813CF2B415}.Debug|Any CPU.Build.0 = Debug|Any CPU
		{B0A6BE56-74B0-4416-83BB-02813CF2B415}.Release|Any CPU.ActiveCfg = Release|Any CPU
		{B0A6BE56-74B0-4416-83BB-02813CF2B415}.Release|Any CPU.Build.0 = Release|Any CPU
		{D2B8705E-F6C6-4A03-9B94-B794E547413C}.Debug|Any CPU.ActiveCfg = Debug|Any CPU
		{D2B8705E-F6C6-4A03-9B94-B794E547413C}.Debug|Any CPU.Build.0 = Debug|Any CPU
		{D2B8705E-F6C6-4A03-9B94-B794E547413C}.Release|Any CPU.ActiveCfg = Release|Any CPU
		{D2B8705E-F6C6-4A03-9B94-B794E547413C}.Release|Any CPU.Build.0 = Release|Any CPU
		{B1235006-68AD-480F-8CB9-C8AFFDDC25F1}.Debug|Any CPU.ActiveCfg = Debug|Any CPU
		{B1235006-68AD-480F-8CB9-C8AFFDDC25F1}.Debug|Any CPU.Build.0 = Debug|Any CPU
		{B1235006-68AD-480F-8CB9-C8AFFDDC25F1}.Release|Any CPU.ActiveCfg = Release|Any CPU
		{B1235006-68AD-480F-8CB9-C8AFFDDC25F1}.Release|Any CPU.Build.0 = Release|Any CPU
	EndGlobalSection
	GlobalSection(SolutionProperties) = preSolution
		HideSolutionNode = FALSE
	EndGlobalSection
	GlobalSection(ExtensibilityGlobals) = postSolution
		SolutionGuid = {F288E068-C778-4510-B3FD-E43547225566}
	EndGlobalSection
EndGlobal
